
Microsoft Visual Studio Solution File, Format Version 12.00
# Visual Studio Version 17
VisualStudioVersion = 17.13.35825.156
MinimumVisualStudioVersion = 10.0.40219.1
Project("{FAE04EC0-301F-11D3-BF4B-00C04F79EFBC}") = "gestorPedidos.API", "gestorPedidos.API\gestorPedidos.API.csproj", "{6ACF6684-CFD3-444A-AADF-625FC3AB2240}"
EndProject
Project("{FAE04EC0-301F-11D3-BF4B-00C04F79EFBC}") = "gestorPedido.Domain", "gestorPedido.Domain\gestorPedido.Domain.csproj", "{C8B0B4C1-12DE-48F2-BE1D-B4DD63B0C7C8}"
EndProject
Project("{FAE04EC0-301F-11D3-BF4B-00C04F79EFBC}") = "gestorPedidos.Application", "GestorPedidos.Application\gestorPedidos.Application.csproj", "{0DD1ABA0-5B46-4EAD-84DB-3E5861380108}"
EndProject
Project("{FAE04EC0-301F-11D3-BF4B-00C04F79EFBC}") = "gestorPedidos.Infra", "gestorPedidos.Infra\gestorPedidos.Infra.csproj", "{8C35D613-2906-4F5A-BB24-13092CD8CF54}"
EndProject
Project("{FAE04EC0-301F-11D3-BF4B-00C04F79EFBC}") = "gestorPedidos.Tests", "gestorPedidos.Tests\gestorPedidos.Tests.csproj", "{4F22B232-11FD-4E30-B3EB-A4C79BB0E4DC}"
EndProject
Global
	GlobalSection(SolutionConfigurationPlatforms) = preSolution
		Debug|Any CPU = Debug|Any CPU
		Release|Any CPU = Release|Any CPU
	EndGlobalSection
	GlobalSection(ProjectConfigurationPlatforms) = postSolution
		{6ACF6684-CFD3-444A-AADF-625FC3AB2240}.Debug|Any CPU.ActiveCfg = Debug|Any CPU
		{6ACF6684-CFD3-444A-AADF-625FC3AB2240}.Debug|Any CPU.Build.0 = Debug|Any CPU
		{6ACF6684-CFD3-444A-AADF-625FC3AB2240}.Release|Any CPU.ActiveCfg = Release|Any CPU
		{6ACF6684-CFD3-444A-AADF-625FC3AB2240}.Release|Any CPU.Build.0 = Release|Any CPU
		{C8B0B4C1-12DE-48F2-BE1D-B4DD63B0C7C8}.Debug|Any CPU.ActiveCfg = Debug|Any CPU
		{C8B0B4C1-12DE-48F2-BE1D-B4DD63B0C7C8}.Debug|Any CPU.Build.0 = Debug|Any CPU
		{C8B0B4C1-12DE-48F2-BE1D-B4DD63B0C7C8}.Release|Any CPU.ActiveCfg = Release|Any CPU
		{C8B0B4C1-12DE-48F2-BE1D-B4DD63B0C7C8}.Release|Any CPU.Build.0 = Release|Any CPU
		{0DD1ABA0-5B46-4EAD-84DB-3E5861380108}.Debug|Any CPU.ActiveCfg = Debug|Any CPU
		{0DD1ABA0-5B46-4EAD-84DB-3E5861380108}.Debug|Any CPU.Build.0 = Debug|Any CPU
		{0DD1ABA0-5B46-4EAD-84DB-3E5861380108}.Release|Any CPU.ActiveCfg = Release|Any CPU
		{0DD1ABA0-5B46-4EAD-84DB-3E5861380108}.Release|Any CPU.Build.0 = Release|Any CPU
		{8C35D613-2906-4F5A-BB24-13092CD8CF54}.Debug|Any CPU.ActiveCfg = Debug|Any CPU
		{8C35D613-2906-4F5A-BB24-13092CD8CF54}.Debug|Any CPU.Build.0 = Debug|Any CPU
		{8C35D613-2906-4F5A-BB24-13092CD8CF54}.Release|Any CPU.ActiveCfg = Release|Any CPU
		{8C35D613-2906-4F5A-BB24-13092CD8CF54}.Release|Any CPU.Build.0 = Release|Any CPU
		{4F22B232-11FD-4E30-B3EB-A4C79BB0E4DC}.Debug|Any CPU.ActiveCfg = Debug|Any CPU
		{4F22B232-11FD-4E30-B3EB-A4C79BB0E4DC}.Debug|Any CPU.Build.0 = Debug|Any CPU
		{4F22B232-11FD-4E30-B3EB-A4C79BB0E4DC}.Release|Any CPU.ActiveCfg = Release|Any CPU
		{4F22B232-11FD-4E30-B3EB-A4C79BB0E4DC}.Release|Any CPU.Build.0 = Release|Any CPU
	EndGlobalSection
	GlobalSection(SolutionProperties) = preSolution
		HideSolutionNode = FALSE
	EndGlobalSection
	GlobalSection(ExtensibilityGlobals) = postSolution
		SolutionGuid = {A5EF4697-A5E2-4919-A422-3A2C3A3251EE}
	EndGlobalSection
EndGlobal
